[[package]]
name = "mypy-boto3-kms"
version = "1.17.54.0"
description = "Type annotations for boto3.KMS 1.17.54 service, generated by mypy-boto3-buider 4.6.0"
category = "main"
optional = false
python-versions = ">=3.6"

[metadata]
lock-version = "1.1"
python-versions = "^3.9"
content-hash = "b120cd2cf690abb8c42810da09303a7d72182e133d43b7fbfc4520260ccc5f46"

[metadata.files]
mypy-boto3-kms = [
    {file = "mypy-boto3-kms-1.17.54.0.tar.gz", hash = "sha256:6e1d77b41b5857342e3991d27c0720348080be640276e7d12621f05d9f2d4158"},
    {file = "mypy_boto3_kms-1.17.54.0-py3-none-any.whl", hash = "sha256:b7b5ff079c31f0cd8cfb7f2aa6ec46045c0ae4200f62deb09ee77f35f04731fd"},
]
